// !$*UTF8*$!
{
	archiveVersion = 1;
	classes = {
	};
	objectVersion = 56;
	objects = {

/* Begin PBXBuildFile section */
		021774A12B970E810050D517 /* AppDelegate.swift in Sources */ = {isa = PBXBuildFile; fileRef = 021774A02B970E810050D517 /* AppDelegate.swift */; };
		021774A32B970E810050D517 /* SceneDelegate.swift in Sources */ = {isa = PBXBuildFile; fileRef = 021774A22B970E810050D517 /* SceneDelegate.swift */; };
		021774A52B970E810050D517 /* ViewController.swift in Sources */ = {isa = PBXBuildFile; fileRef = 021774A42B970E810050D517 /* ViewController.swift */; };
		021774A82B970E810050D517 /* Main.storyboard in Resources */ = {isa = PBXBuildFile; fileRef = 021774A62B970E810050D517 /* Main.storyboard */; };
		021774AA2B970E820050D517 /* Assets.xcassets in Resources */ = {isa = PBXBuildFile; fileRef = 021774A92B970E820050D517 /* Assets.xcassets */; };
		021774AD2B970E820050D517 /* LaunchScreen.storyboard in Resources */ = {isa = PBXBuildFile; fileRef = 021774AB2B970E820050D517 /* LaunchScreen.storyboard */; };
		0221860B2B97FF1200FB02DA /* SubscribeVC.swift in Sources */ = {isa = PBXBuildFile; fileRef = 0221860A2B97FF1200FB02DA /* SubscribeVC.swift */; };
		0221860D2B98058300FB02DA /* BaseViewController.swift in Sources */ = {isa = PBXBuildFile; fileRef = 0221860C2B98058300FB02DA /* BaseViewController.swift */; };
		022186112B98086000FB02DA /* DoOnVC.swift in Sources */ = {isa = PBXBuildFile; fileRef = 0221860F2B98086000FB02DA /* DoOnVC.swift */; };
		022186122B98086000FB02DA /* DoOnVC.xib in Resources */ = {isa = PBXBuildFile; fileRef = 022186102B98086000FB02DA /* DoOnVC.xib */; };
		022186162B98107100FB02DA /* DisposeVC.swift in Sources */ = {isa = PBXBuildFile; fileRef = 022186142B98107100FB02DA /* DisposeVC.swift */; };
		022186172B98107100FB02DA /* DisposeVC.xib in Resources */ = {isa = PBXBuildFile; fileRef = 022186152B98107100FB02DA /* DisposeVC.xib */; };
		0221861D2B98155000FB02DA /* BindtoVC.swift in Sources */ = {isa = PBXBuildFile; fileRef = 0221861B2B98155000FB02DA /* BindtoVC.swift */; };
		0221861E2B98155000FB02DA /* BindtoVC.xib in Resources */ = {isa = PBXBuildFile; fileRef = 0221861C2B98155000FB02DA /* BindtoVC.xib */; };
		022186222B98279400FB02DA /* ExtensionVC.swift in Sources */ = {isa = PBXBuildFile; fileRef = 022186202B98279400FB02DA /* ExtensionVC.swift */; };
		022186232B98279400FB02DA /* ExtensionVC.xib in Resources */ = {isa = PBXBuildFile; fileRef = 022186212B98279400FB02DA /* ExtensionVC.xib */; };
		022186272B982EB600FB02DA /* SubjectsVC.swift in Sources */ = {isa = PBXBuildFile; fileRef = 022186252B982EB600FB02DA /* SubjectsVC.swift */; };
		022186282B982EB600FB02DA /* SubjectsVC.xib in Resources */ = {isa = PBXBuildFile; fileRef = 022186262B982EB600FB02DA /* SubjectsVC.xib */; };
		0221862B2B9844D200FB02DA /* TransformingVC.swift in Sources */ = {isa = PBXBuildFile; fileRef = 0221862A2B9844D200FB02DA /* TransformingVC.swift */; };
		0221862E2B98582400FB02DA /* UILabelVC.swift in Sources */ = {isa = PBXBuildFile; fileRef = 0221862D2B98582400FB02DA /* UILabelVC.swift */; };
		022186312B985BF800FB02DA /* TextViewVC.swift in Sources */ = {isa = PBXBuildFile; fileRef = 022186302B985BF800FB02DA /* TextViewVC.swift */; };
		0241C5AF2B9743300053992A /* PeopleVC.swift in Sources */ = {isa = PBXBuildFile; fileRef = 0241C5AD2B9743300053992A /* PeopleVC.swift */; };
		0241C5B02B9743300053992A /* PeopleVC.xib in Resources */ = {isa = PBXBuildFile; fileRef = 0241C5AE2B9743300053992A /* PeopleVC.xib */; };
		0241C5B22B9744140053992A /* People.swift in Sources */ = {isa = PBXBuildFile; fileRef = 0241C5B12B9744140053992A /* People.swift */; };
		0241C5B42B9744540053992A /* PeopleViewModel.swift in Sources */ = {isa = PBXBuildFile; fileRef = 0241C5B32B9744540053992A /* PeopleViewModel.swift */; };
		0241C5B72B9758DD0053992A /* ObservableVC.swift in Sources */ = {isa = PBXBuildFile; fileRef = 0241C5B62B9758DD0053992A /* ObservableVC.swift */; };
		5AB512E6A4B7EB64BF80A8B7 /* Pods_RxSwiftBase.framework in Frameworks */ = {isa = PBXBuildFile; fileRef = A7AD7CFF36DB31DE368F6D45 /* Pods_RxSwiftBase.framework */; };
/* End PBXBuildFile section */

/* Begin PBXFileReference section */
		0217749D2B970E810050D517 /* RxSwiftBase.app */ = {isa = PBXFileReference; explicitFileType = wrapper.application; includeInIndex = 0; path = RxSwiftBase.app; sourceTree = BUILT_PRODUCTS_DIR; };
		021774A02B970E810050D517 /* AppDelegate.swift */ = {isa = PBXFileReference; lastKnownFileType = sourcecode.swift; path = AppDelegate.swift; sourceTree = "<group>"; };
		021774A22B970E810050D517 /* SceneDelegate.swift */ = {isa = PBXFileReference; lastKnownFileType = sourcecode.swift; path = SceneDelegate.swift; sourceTree = "<group>"; };
		021774A42B970E810050D517 /* ViewController.swift */ = {isa = PBXFileReference; lastKnownFileType = sourcecode.swift; path = ViewController.swift; sourceTree = "<group>"; };
		021774A72B970E810050D517 /* Base */ = {isa = PBXFileReference; lastKnownFileType = file.storyboard; name = Base; path = Base.lproj/Main.storyboard; sourceTree = "<group>"; };
		021774A92B970E820050D517 /* Assets.xcassets */ = {isa = PBXFileReference; lastKnownFileType = folder.assetcatalog; path = Assets.xcassets; sourceTree = "<group>"; };
		021774AC2B970E820050D517 /* Base */ = {isa = PBXFileReference; lastKnownFileType = file.storyboard; name = Base; path = Base.lproj/LaunchScreen.storyboard; sourceTree = "<group>"; };
		021774AE2B970E820050D517 /* Info.plist */ = {isa = PBXFileReference; lastKnownFileType = text.plist.xml; path = Info.plist; sourceTree = "<group>"; };
		0221860A2B97FF1200FB02DA /* SubscribeVC.swift */ = {isa = PBXFileReference; lastKnownFileType = sourcecode.swift; path = SubscribeVC.swift; sourceTree = "<group>"; };
		0221860C2B98058300FB02DA /* BaseViewController.swift */ = {isa = PBXFileReference; lastKnownFileType = sourcecode.swift; path = BaseViewController.swift; sourceTree = "<group>"; };
		0221860F2B98086000FB02DA /* DoOnVC.swift */ = {isa = PBXFileReference; lastKnownFileType = sourcecode.swift; path = DoOnVC.swift; sourceTree = "<group>"; };
		022186102B98086000FB02DA /* DoOnVC.xib */ = {isa = PBXFileReference; lastKnownFileType = file.xib; path = DoOnVC.xib; sourceTree = "<group>"; };
		022186142B98107100FB02DA /* DisposeVC.swift */ = {isa = PBXFileReference; lastKnownFileType = sourcecode.swift; path = DisposeVC.swift; sourceTree = "<group>"; };
		022186152B98107100FB02DA /* DisposeVC.xib */ = {isa = PBXFileReference; lastKnownFileType = file.xib; path = DisposeVC.xib; sourceTree = "<group>"; };
		0221861B2B98155000FB02DA /* BindtoVC.swift */ = {isa = PBXFileReference; lastKnownFileType = sourcecode.swift; path = BindtoVC.swift; sourceTree = "<group>"; };
		0221861C2B98155000FB02DA /* BindtoVC.xib */ = {isa = PBXFileReference; lastKnownFileType = file.xib; path = BindtoVC.xib; sourceTree = "<group>"; };
		022186202B98279400FB02DA /* ExtensionVC.swift */ = {isa = PBXFileReference; lastKnownFileType = sourcecode.swift; path = ExtensionVC.swift; sourceTree = "<group>"; };
		022186212B98279400FB02DA /* ExtensionVC.xib */ = {isa = PBXFileReference; lastKnownFileType = file.xib; path = ExtensionVC.xib; sourceTree = "<group>"; };
		022186252B982EB600FB02DA /* SubjectsVC.swift */ = {isa = PBXFileReference; lastKnownFileType = sourcecode.swift; path = SubjectsVC.swift; sourceTree = "<group>"; };
		022186262B982EB600FB02DA /* SubjectsVC.xib */ = {isa = PBXFileReference; lastKnownFileType = file.xib; path = SubjectsVC.xib; sourceTree = "<group>"; };
		0221862A2B9844D200FB02DA /* TransformingVC.swift */ = {isa = PBXFileReference; lastKnownFileType = sourcecode.swift; path = TransformingVC.swift; sourceTree = "<group>"; };
		0221862D2B98582400FB02DA /* UILabelVC.swift */ = {isa = PBXFileReference; lastKnownFileType = sourcecode.swift; path = UILabelVC.swift; sourceTree = "<group>"; };
		022186302B985BF800FB02DA /* TextViewVC.swift */ = {isa = PBXFileReference; lastKnownFileType = sourcecode.swift; path = TextViewVC.swift; sourceTree = "<group>"; };
		0241C5AD2B9743300053992A /* PeopleVC.swift */ = {isa = PBXFileReference; lastKnownFileType = sourcecode.swift; path = PeopleVC.swift; sourceTree = "<group>"; };
		0241C5AE2B9743300053992A /* PeopleVC.xib */ = {isa = PBXFileReference; lastKnownFileType = file.xib; path = PeopleVC.xib; sourceTree = "<group>"; };
		0241C5B12B9744140053992A /* People.swift */ = {isa = PBXFileReference; lastKnownFileType = sourcecode.swift; path = People.swift; sourceTree = "<group>"; };
		0241C5B32B9744540053992A /* PeopleViewModel.swift */ = {isa = PBXFileReference; lastKnownFileType = sourcecode.swift; path = PeopleViewModel.swift; sourceTree = "<group>"; };
		0241C5B62B9758DD0053992A /* ObservableVC.swift */ = {isa = PBXFileReference; lastKnownFileType = sourcecode.swift; path = ObservableVC.swift; sourceTree = "<group>"; };
		19F600CAA6CC72523DFFBB65 /* Pods-RxSwiftBase.debug.xcconfig */ = {isa = PBXFileReference; includeInIndex = 1; lastKnownFileType = text.xcconfig; name = "Pods-RxSwiftBase.debug.xcconfig"; path = "Target Support Files/Pods-RxSwiftBase/Pods-RxSwiftBase.debug.xcconfig"; sourceTree = "<group>"; };
		78AD7B3F0B7715EA83943070 /* Pods-RxSwiftBase.release.xcconfig */ = {isa = PBXFileReference; includeInIndex = 1; lastKnownFileType = text.xcconfig; name = "Pods-RxSwiftBase.release.xcconfig"; path = "Target Support Files/Pods-RxSwiftBase/Pods-RxSwiftBase.release.xcconfig"; sourceTree = "<group>"; };
		A7AD7CFF36DB31DE368F6D45 /* Pods_RxSwiftBase.framework */ = {isa = PBXFileReference; explicitFileType = wrapper.framework; includeInIndex = 0; path = Pods_RxSwiftBase.framework; sourceTree = BUILT_PRODUCTS_DIR; };
/* End PBXFileReference section */

/* Begin PBXFrameworksBuildPhase section */
		0217749A2B970E810050D517 /* Frameworks */ = {
			isa = PBXFrameworksBuildPhase;
			buildActionMask = 2147483647;
			files = (
				5AB512E6A4B7EB64BF80A8B7 /* Pods_RxSwiftBase.framework in Frameworks */,
			);
			runOnlyForDeploymentPostprocessing = 0;
		};
/* End PBXFrameworksBuildPhase section */

/* Begin PBXGroup section */
		021774942B970E810050D517 = {
			isa = PBXGroup;
			children = (
				0217749F2B970E810050D517 /* RxSwiftBase */,
				0217749E2B970E810050D517 /* Products */,
				9C1AB434CBDA4F2D1208D2DD /* Pods */,
				7844F659D93647B9E6E65905 /* Frameworks */,
			);
			sourceTree = "<group>";
		};
		0217749E2B970E810050D517 /* Products */ = {
			isa = PBXGroup;
			children = (
				0217749D2B970E810050D517 /* RxSwiftBase.app */,
			);
			name = Products;
			sourceTree = "<group>";
		};
		0217749F2B970E810050D517 /* RxSwiftBase */ = {
			isa = PBXGroup;
			children = (
				0221862F2B985BE500FB02DA /* TextView */,
				0221862C2B98580E00FB02DA /* UILabel */,
				022186292B9844BE00FB02DA /* 变化操作符 */,
				022186242B982EAB00FB02DA /* Subjects */,
				0221861F2B98276F00FB02DA /* ui扩展 */,
				022186182B98152C00FB02DA /* Bindto */,
				022186132B98105F00FB02DA /* Dispose */,
				0221860E2B98084000FB02DA /* doOn */,
				022186092B97FF0300FB02DA /* Subscribe */,
				0241C5B52B9758550053992A /* Observable */,
				0241C5AC2B9743060053992A /* table */,
				021774A02B970E810050D517 /* AppDelegate.swift */,
				021774A22B970E810050D517 /* SceneDelegate.swift */,
				021774A42B970E810050D517 /* ViewController.swift */,
				0221860C2B98058300FB02DA /* BaseViewController.swift */,
				021774A62B970E810050D517 /* Main.storyboard */,
				021774A92B970E820050D517 /* Assets.xcassets */,
				021774AB2B970E820050D517 /* LaunchScreen.storyboard */,
				021774AE2B970E820050D517 /* Info.plist */,
			);
			path = RxSwiftBase;
			sourceTree = "<group>";
		};
		022186092B97FF0300FB02DA /* Subscribe */ = {
			isa = PBXGroup;
			children = (
				0221860A2B97FF1200FB02DA /* SubscribeVC.swift */,
			);
			path = Subscribe;
			sourceTree = "<group>";
		};
		0221860E2B98084000FB02DA /* doOn */ = {
			isa = PBXGroup;
			children = (
				0221860F2B98086000FB02DA /* DoOnVC.swift */,
				022186102B98086000FB02DA /* DoOnVC.xib */,
			);
			path = doOn;
			sourceTree = "<group>";
		};
		022186132B98105F00FB02DA /* Dispose */ = {
			isa = PBXGroup;
			children = (
				022186142B98107100FB02DA /* DisposeVC.swift */,
				022186152B98107100FB02DA /* DisposeVC.xib */,
			);
			path = Dispose;
			sourceTree = "<group>";
		};
		022186182B98152C00FB02DA /* Bindto */ = {
			isa = PBXGroup;
			children = (
				0221861B2B98155000FB02DA /* BindtoVC.swift */,
				0221861C2B98155000FB02DA /* BindtoVC.xib */,
			);
			path = Bindto;
			sourceTree = "<group>";
		};
		0221861F2B98276F00FB02DA /* ui扩展 */ = {
			isa = PBXGroup;
			children = (
				022186202B98279400FB02DA /* ExtensionVC.swift */,
				022186212B98279400FB02DA /* ExtensionVC.xib */,
			);
			path = "ui扩展";
			sourceTree = "<group>";
		};
		022186242B982EAB00FB02DA /* Subjects */ = {
			isa = PBXGroup;
			children = (
				022186252B982EB600FB02DA /* SubjectsVC.swift */,
				022186262B982EB600FB02DA /* SubjectsVC.xib */,
			);
			path = Subjects;
			sourceTree = "<group>";
		};
		022186292B9844BE00FB02DA /* 变化操作符 */ = {
			isa = PBXGroup;
			children = (
				0221862A2B9844D200FB02DA /* TransformingVC.swift */,
			);
			path = "变化操作符";
			sourceTree = "<group>";
		};
		0221862C2B98580E00FB02DA /* UILabel */ = {
			isa = PBXGroup;
			children = (
				0221862D2B98582400FB02DA /* UILabelVC.swift */,
			);
			path = UILabel;
			sourceTree = "<group>";
		};
		0221862F2B985BE500FB02DA /* TextView */ = {
			isa = PBXGroup;
			children = (
				022186302B985BF800FB02DA /* TextViewVC.swift */,
			);
			path = TextView;
			sourceTree = "<group>";
		};
		0241C5AC2B9743060053992A /* table */ = {
			isa = PBXGroup;
			children = (
				0241C5AD2B9743300053992A /* PeopleVC.swift */,
				0241C5AE2B9743300053992A /* PeopleVC.xib */,
				0241C5B12B9744140053992A /* People.swift */,
				0241C5B32B9744540053992A /* PeopleViewModel.swift */,
			);
			path = table;
			sourceTree = "<group>";
		};
		0241C5B52B9758550053992A /* Observable */ = {
			isa = PBXGroup;
			children = (
				0241C5B62B9758DD0053992A /* ObservableVC.swift */,
			);
			path = Observable;
			sourceTree = "<group>";
		};
		7844F659D93647B9E6E65905 /* Frameworks */ = {
			isa = PBXGroup;
			children = (
				A7AD7CFF36DB31DE368F6D45 /* Pods_RxSwiftBase.framework */,
			);
			name = Frameworks;
			sourceTree = "<group>";
		};
		9C1AB434CBDA4F2D1208D2DD /* Pods */ = {
			isa = PBXGroup;
			children = (
				19F600CAA6CC72523DFFBB65 /* Pods-RxSwiftBase.debug.xcconfig */,
				78AD7B3F0B7715EA83943070 /* Pods-RxSwiftBase.release.xcconfig */,
			);
			path = Pods;
			sourceTree = "<group>";
		};
/* End PBXGroup section */

/* Begin PBXNativeTarget section */
		0217749C2B970E810050D517 /* RxSwiftBase */ = {
			isa = PBXNativeTarget;
			buildConfigurationList = 021774B12B970E820050D517 /* Build configuration list for PBXNativeTarget "RxSwiftBase" */;
			buildPhases = (
				445AE567458986FD833970E5 /* [CP] Check Pods Manifest.lock */,
				021774992B970E810050D517 /* Sources */,
				0217749A2B970E810050D517 /* Frameworks */,
				0217749B2B970E810050D517 /* Resources */,
				5B7B1D107E2304CC46B7A116 /* [CP] Embed Pods Frameworks */,
			);
			buildRules = (
			);
			dependencies = (
			);
			name = RxSwiftBase;
			productName = RxSwiftBase;
			productReference = 0217749D2B970E810050D517 /* RxSwiftBase.app */;
			productType = "com.apple.product-type.application";
		};
/* End PBXNativeTarget section */

/* Begin PBXProject section */
		021774952B970E810050D517 /* Project object */ = {
			isa = PBXProject;
			attributes = {
				BuildIndependentTargetsInParallel = 1;
				LastSwiftUpdateCheck = 1430;
				LastUpgradeCheck = 1430;
				TargetAttributes = {
					0217749C2B970E810050D517 = {
						CreatedOnToolsVersion = 14.3.1;
					};
				};
			};
			buildConfigurationList = 021774982B970E810050D517 /* Build configuration list for PBXProject "RxSwiftBase" */;
			compatibilityVersion = "Xcode 14.0";
			developmentRegion = en;
			hasScannedForEncodings = 0;
			knownRegions = (
				en,
				Base,
			);
			mainGroup = 021774942B970E810050D517;
			productRefGroup = 0217749E2B970E810050D517 /* Products */;
			projectDirPath = "";
			projectRoot = "";
			targets = (
				0217749C2B970E810050D517 /* RxSwiftBase */,
			);
		};
/* End PBXProject section */

/* Begin PBXResourcesBuildPhase section */
		0217749B2B970E810050D517 /* Resources */ = {
			isa = PBXResourcesBuildPhase;
			buildActionMask = 2147483647;
			files = (
				022186122B98086000FB02DA /* DoOnVC.xib in Resources */,
				021774AD2B970E820050D517 /* LaunchScreen.storyboard in Resources */,
				022186282B982EB600FB02DA /* SubjectsVC.xib in Resources */,
				021774AA2B970E820050D517 /* Assets.xcassets in Resources */,
				021774A82B970E810050D517 /* Main.storyboard in Resources */,
				022186172B98107100FB02DA /* DisposeVC.xib in Resources */,
				0221861E2B98155000FB02DA /* BindtoVC.xib in Resources */,
				022186232B98279400FB02DA /* ExtensionVC.xib in Resources */,
				0241C5B02B9743300053992A /* PeopleVC.xib in Resources */,
			);
			runOnlyForDeploymentPostprocessing = 0;
		};
/* End PBXResourcesBuildPhase section */

/* Begin PBXShellScriptBuildPhase section */
		445AE567458986FD833970E5 /* [CP] Check Pods Manifest.lock */ = {
			isa = PBXShellScriptBuildPhase;
			buildActionMask = 2147483647;
			files = (
			);
			inputFileListPaths = (
			);
			inputPaths = (
				"${PODS_PODFILE_DIR_PATH}/Podfile.lock",
				"${PODS_ROOT}/Manifest.lock",
			);
			name = "[CP] Check Pods Manifest.lock";
			outputFileListPaths = (
			);
			outputPaths = (
				"$(DERIVED_FILE_DIR)/Pods-RxSwiftBase-checkManifestLockResult.txt",
			);
			runOnlyForDeploymentPostprocessing = 0;
			shellPath = /bin/sh;
			shellScript = "diff \"${PODS_PODFILE_DIR_PATH}/Podfile.lock\" \"${PODS_ROOT}/Manifest.lock\" > /dev/null\nif [ $? != 0 ] ; then\n    # print error to STDERR\n    echo \"error: The sandbox is not in sync with the Podfile.lock. Run 'pod install' or update your CocoaPods installation.\" >&2\n    exit 1\nfi\n# This output is used by Xcode 'outputs' to avoid re-running this script phase.\necho \"SUCCESS\" > \"${SCRIPT_OUTPUT_FILE_0}\"\n";
			showEnvVarsInLog = 0;
		};
		5B7B1D107E2304CC46B7A116 /* [CP] Embed Pods Frameworks */ = {
			isa = PBXShellScriptBuildPhase;
			buildActionMask = 2147483647;
			files = (
			);
			inputFileListPaths = (
				"${PODS_ROOT}/Target Support Files/Pods-RxSwiftBase/Pods-RxSwiftBase-frameworks-${CONFIGURATION}-input-files.xcfilelist",
			);
			name = "[CP] Embed Pods Frameworks";
			outputFileListPaths = (
				"${PODS_ROOT}/Target Support Files/Pods-RxSwiftBase/Pods-RxSwiftBase-frameworks-${CONFIGURATION}-output-files.xcfilelist",
			);
			runOnlyForDeploymentPostprocessing = 0;
			shellPath = /bin/sh;
			shellScript = "\"${PODS_ROOT}/Target Support Files/Pods-RxSwiftBase/Pods-RxSwiftBase-frameworks.sh\"\n";
			showEnvVarsInLog = 0;
		};
/* End PBXShellScriptBuildPhase section */

/* Begin PBXSourcesBuildPhase section */
		021774992B970E810050D517 /* Sources */ = {
			isa = PBXSourcesBuildPhase;
			buildActionMask = 2147483647;
			files = (
				022186112B98086000FB02DA /* DoOnVC.swift in Sources */,
				0221862E2B98582400FB02DA /* UILabelVC.swift in Sources */,
				022186312B985BF800FB02DA /* TextViewVC.swift in Sources */,
				022186272B982EB600FB02DA /* SubjectsVC.swift in Sources */,
				021774A52B970E810050D517 /* ViewController.swift in Sources */,
				0241C5B72B9758DD0053992A /* ObservableVC.swift in Sources */,
				0241C5B42B9744540053992A /* PeopleViewModel.swift in Sources */,
				022186162B98107100FB02DA /* DisposeVC.swift in Sources */,
				021774A12B970E810050D517 /* AppDelegate.swift in Sources */,
				0221861D2B98155000FB02DA /* BindtoVC.swift in Sources */,
				021774A32B970E810050D517 /* SceneDelegate.swift in Sources */,
				0221860D2B98058300FB02DA /* BaseViewController.swift in Sources */,
				0241C5AF2B9743300053992A /* PeopleVC.swift in Sources */,
				0221862B2B9844D200FB02DA /* TransformingVC.swift in Sources */,
				0241C5B22B9744140053992A /* People.swift in Sources */,
				0221860B2B97FF1200FB02DA /* SubscribeVC.swift in Sources */,
				022186222B98279400FB02DA /* ExtensionVC.swift in Sources */,
			);
			runOnlyForDeploymentPostprocessing = 0;
		};
/* End PBXSourcesBuildPhase section */

/* Begin PBXVariantGroup section */
		021774A62B970E810050D517 /* Main.storyboard */ = {
			isa = PBXVariantGroup;
			children = (
				021774A72B970E810050D517 /* Base */,
			);
			name = Main.storyboard;
			sourceTree = "<group>";
		};
		021774AB2B970E820050D517 /* LaunchScreen.storyboard */ = {
			isa = PBXVariantGroup;
			children = (
				021774AC2B970E820050D517 /* Base */,
			);
			name = LaunchScreen.storyboard;
			sourceTree = "<group>";
		};
/* End PBXVariantGroup section */

/* Begin XCBuildConfiguration section */
		021774AF2B970E820050D517 /* Debug */ = {
			isa = XCBuildConfiguration;
			buildSettings = {
				ALWAYS_SEARCH_USER_PATHS = NO;
				CLANG_ANALYZER_NONNULL = YES;
				CLANG_ANALYZER_NUMBER_OBJECT_CONVERSION = YES_AGGRESSIVE;
				CLANG_CXX_LANGUAGE_STANDARD = "gnu++20";
				CLANG_ENABLE_MODULES = YES;
				CLANG_ENABLE_OBJC_ARC = YES;
				CLANG_ENABLE_OBJC_WEAK = YES;
				CLANG_WARN_BLOCK_CAPTURE_AUTORELEASING = YES;
				CLANG_WARN_BOOL_CONVERSION = YES;
				CLANG_WARN_COMMA = YES;
				CLANG_WARN_CONSTANT_CONVERSION = YES;
				CLANG_WARN_DEPRECATED_OBJC_IMPLEMENTATIONS = YES;
				CLANG_WARN_DIRECT_OBJC_ISA_USAGE = YES_ERROR;
				CLANG_WARN_DOCUMENTATION_COMMENTS = YES;
				CLANG_WARN_EMPTY_BODY = YES;
				CLANG_WARN_ENUM_CONVERSION = YES;
				CLANG_WARN_INFINITE_RECURSION = YES;
				CLANG_WARN_INT_CONVERSION = YES;
				CLANG_WARN_NON_LITERAL_NULL_CONVERSION = YES;
				CLANG_WARN_OBJC_IMPLICIT_RETAIN_SELF = YES;
				CLANG_WARN_OBJC_LITERAL_CONVERSION = YES;
				CLANG_WARN_OBJC_ROOT_CLASS = YES_ERROR;
				CLANG_WARN_QUOTED_INCLUDE_IN_FRAMEWORK_HEADER = YES;
				CLANG_WARN_RANGE_LOOP_ANALYSIS = YES;
				CLANG_WARN_STRICT_PROTOTYPES = YES;
				CLANG_WARN_SUSPICIOUS_MOVE = YES;
				CLANG_WARN_UNGUARDED_AVAILABILITY = YES_AGGRESSIVE;
				CLANG_WARN_UNREACHABLE_CODE = YES;
				CLANG_WARN__DUPLICATE_METHOD_MATCH = YES;
				COPY_PHASE_STRIP = NO;
				DEBUG_INFORMATION_FORMAT = dwarf;
				ENABLE_STRICT_OBJC_MSGSEND = YES;
				ENABLE_TESTABILITY = YES;
				GCC_C_LANGUAGE_STANDARD = gnu11;
				GCC_DYNAMIC_NO_PIC = NO;
				GCC_NO_COMMON_BLOCKS = YES;
				GCC_OPTIMIZATION_LEVEL = 0;
				GCC_PREPROCESSOR_DEFINITIONS = (
					"DEBUG=1",
					"$(inherited)",
				);
				GCC_WARN_64_TO_32_BIT_CONVERSION = YES;
				GCC_WARN_ABOUT_RETURN_TYPE = YES_ERROR;
				GCC_WARN_UNDECLARED_SELECTOR = YES;
				GCC_WARN_UNINITIALIZED_AUTOS = YES_AGGRESSIVE;
				GCC_WARN_UNUSED_FUNCTION = YES;
				GCC_WARN_UNUSED_VARIABLE = YES;
				IPHONEOS_DEPLOYMENT_TARGET = 16.4;
				MTL_ENABLE_DEBUG_INFO = INCLUDE_SOURCE;
				MTL_FAST_MATH = YES;
				ONLY_ACTIVE_ARCH = YES;
				SDKROOT = iphoneos;
				SWIFT_ACTIVE_COMPILATION_CONDITIONS = DEBUG;
				SWIFT_OPTIMIZATION_LEVEL = "-Onone";
			};
			name = Debug;
		};
		021774B02B970E820050D517 /* Release */ = {
			isa = XCBuildConfiguration;
			buildSettings = {
				ALWAYS_SEARCH_USER_PATHS = NO;
				CLANG_ANALYZER_NONNULL = YES;
				CLANG_ANALYZER_NUMBER_OBJECT_CONVERSION = YES_AGGRESSIVE;
				CLANG_CXX_LANGUAGE_STANDARD = "gnu++20";
				CLANG_ENABLE_MODULES = YES;
				CLANG_ENABLE_OBJC_ARC = YES;
				CLANG_ENABLE_OBJC_WEAK = YES;
				CLANG_WARN_BLOCK_CAPTURE_AUTORELEASING = YES;
				CLANG_WARN_BOOL_CONVERSION = YES;
				CLANG_WARN_COMMA = YES;
				CLANG_WARN_CONSTANT_CONVERSION = YES;
				CLANG_WARN_DEPRECATED_OBJC_IMPLEMENTATIONS = YES;
				CLANG_WARN_DIRECT_OBJC_ISA_USAGE = YES_ERROR;
				CLANG_WARN_DOCUMENTATION_COMMENTS = YES;
				CLANG_WARN_EMPTY_BODY = YES;
				CLANG_WARN_ENUM_CONVERSION = YES;
				CLANG_WARN_INFINITE_RECURSION = YES;
				CLANG_WARN_INT_CONVERSION = YES;
				CLANG_WARN_NON_LITERAL_NULL_CONVERSION = YES;
				CLANG_WARN_OBJC_IMPLICIT_RETAIN_SELF = YES;
				CLANG_WARN_OBJC_LITERAL_CONVERSION = YES;
				CLANG_WARN_OBJC_ROOT_CLASS = YES_ERROR;
				CLANG_WARN_QUOTED_INCLUDE_IN_FRAMEWORK_HEADER = YES;
				CLANG_WARN_RANGE_LOOP_ANALYSIS = YES;
				CLANG_WARN_STRICT_PROTOTYPES = YES;
				CLANG_WARN_SUSPICIOUS_MOVE = YES;
				CLANG_WARN_UNGUARDED_AVAILABILITY = YES_AGGRESSIVE;
				CLANG_WARN_UNREACHABLE_CODE = YES;
				CLANG_WARN__DUPLICATE_METHOD_MATCH = YES;
				COPY_PHASE_STRIP = NO;
				DEBUG_INFORMATION_FORMAT = "dwarf-with-dsym";
				ENABLE_NS_ASSERTIONS = NO;
				ENABLE_STRICT_OBJC_MSGSEND = YES;
				GCC_C_LANGUAGE_STANDARD = gnu11;
				GCC_NO_COMMON_BLOCKS = YES;
				GCC_WARN_64_TO_32_BIT_CONVERSION = YES;
				GCC_WARN_ABOUT_RETURN_TYPE = YES_ERROR;
				GCC_WARN_UNDECLARED_SELECTOR = YES;
				GCC_WARN_UNINITIALIZED_AUTOS = YES_AGGRESSIVE;
				GCC_WARN_UNUSED_FUNCTION = YES;
				GCC_WARN_UNUSED_VARIABLE = YES;
				IPHONEOS_DEPLOYMENT_TARGET = 16.4;
				MTL_ENABLE_DEBUG_INFO = NO;
				MTL_FAST_MATH = YES;
				SDKROOT = iphoneos;
				SWIFT_COMPILATION_MODE = wholemodule;
				SWIFT_OPTIMIZATION_LEVEL = "-O";
				VALIDATE_PRODUCT = YES;
			};
			name = Release;
		};
		021774B22B970E820050D517 /* Debug */ = {
			isa = XCBuildConfiguration;
			baseConfigurationReference = 19F600CAA6CC72523DFFBB65 /* Pods-RxSwiftBase.debug.xcconfig */;
			buildSettings = {
				ASSETCATALOG_COMPILER_APPICON_NAME = AppIcon;
				ASSETCATALOG_COMPILER_GLOBAL_ACCENT_COLOR_NAME = AccentColor;
				CODE_SIGN_STYLE = Automatic;
				CURRENT_PROJECT_VERSION = 1;
				DEVELOPMENT_TEAM = U33ANMXXTW;
				GENERATE_INFOPLIST_FILE = YES;
				INFOPLIST_FILE = RxSwiftBase/Info.plist;
				INFOPLIST_KEY_UIApplicationSupportsIndirectInputEvents = YES;
				INFOPLIST_KEY_UILaunchStoryboardName = LaunchScreen;
				INFOPLIST_KEY_UIMainStoryboardFile = Main;
				INFOPLIST_KEY_UISupportedInterfaceOrientations_iPad = "UIInterfaceOrientationPortrait UIInterfaceOrientationPortraitUpsideDown UIInterfaceOrientationLandscapeLeft UIInterfaceOrientationLandscapeRight";
				INFOPLIST_KEY_UISupportedInterfaceOrientations_iPhone = "UIInterfaceOrientationPortrait UIInterfaceOrientationLandscapeLeft UIInterfaceOrientationLandscapeRight";
				IPHONEOS_DEPLOYMENT_TARGET = 13.0;
				LD_RUNPATH_SEARCH_PATHS = (
					"$(inherited)",
					"@executable_path/Frameworks",
				);
				MARKETING_VERSION = 1.0;
				PRODUCT_BUNDLE_IDENTIFIER = zyf.RxSwiftBase;
				PRODUCT_NAME = "$(TARGET_NAME)";
				SWIFT_EMIT_LOC_STRINGS = YES;
				SWIFT_VERSION = 5.0;
				TARGETED_DEVICE_FAMILY = "1,2";
			};
			name = Debug;
		};
		021774B32B970E820050D517 /* Release */ = {
			isa = XCBuildConfiguration;
			baseConfigurationReference = 78AD7B3F0B7715EA83943070 /* Pods-RxSwiftBase.release.xcconfig */;
			buildSettings = {
				ASSETCATALOG_COMPILER_APPICON_NAME = AppIcon;
				ASSETCATALOG_COMPILER_GLOBAL_ACCENT_COLOR_NAME = AccentColor;
				CODE_SIGN_STYLE = Automatic;
				CURRENT_PROJECT_VERSION = 1;
				DEVELOPMENT_TEAM = U33ANMXXTW;
				GENERATE_INFOPLIST_FILE = YES;
				INFOPLIST_FILE = RxSwiftBase/Info.plist;
				INFOPLIST_KEY_UIApplicationSupportsIndirectInputEvents = YES;
				INFOPLIST_KEY_UILaunchStoryboardName = LaunchScreen;
				INFOPLIST_KEY_UIMainStoryboardFile = Main;
				INFOPLIST_KEY_UISupportedInterfaceOrientations_iPad = "UIInterfaceOrientationPortrait UIInterfaceOrientationPortraitUpsideDown UIInterfaceOrientationLandscapeLeft UIInterfaceOrientationLandscapeRight";
				INFOPLIST_KEY_UISupportedInterfaceOrientations_iPhone = "UIInterfaceOrientationPortrait UIInterfaceOrientationLandscapeLeft UIInterfaceOrientationLandscapeRight";
				IPHONEOS_DEPLOYMENT_TARGET = 13.0;
				LD_RUNPATH_SEARCH_PATHS = (
					"$(inherited)",
					"@executable_path/Frameworks",
				);
				MARKETING_VERSION = 1.0;
				PRODUCT_BUNDLE_IDENTIFIER = zyf.RxSwiftBase;
				PRODUCT_NAME = "$(TARGET_NAME)";
				SWIFT_EMIT_LOC_STRINGS = YES;
				SWIFT_VERSION = 5.0;
				TARGETED_DEVICE_FAMILY = "1,2";
			};
			name = Release;
		};
/* End XCBuildConfiguration section */

/* Begin XCConfigurationList section */
		021774982B970E810050D517 /* Build configuration list for PBXProject "RxSwiftBase" */ = {
			isa = XCConfigurationList;
			buildConfigurations = (
				021774AF2B970E820050D517 /* Debug */,
				021774B02B970E820050D517 /* Release */,
			);
			defaultConfigurationIsVisible = 0;
			defaultConfigurationName = Release;
		};
		021774B12B970E820050D517 /* Build configuration list for PBXNativeTarget "RxSwiftBase" */ = {
			isa = XCConfigurationList;
			buildConfigurations = (
				021774B22B970E820050D517 /* Debug */,
				021774B32B970E820050D517 /* Release */,
			);
			defaultConfigurationIsVisible = 0;
			defaultConfigurationName = Release;
		};
/* End XCConfigurationList section */
	};
	rootObject = 021774952B970E810050D517 /* Project object */;
}
